
Microsoft Visual Studio Solution File, Format Version 12.00
# Visual Studio 15
VisualStudioVersion = 15.0.28010.2050
MinimumVisualStudioVersion = 10.0.40219.1
Project("{8BC9CEB8-8B4A-11D0-8D11-00A0C91BC942}") = "Project1", "Project1\Project1.vcxproj", "{5D981F69-69B3-4522-BE83-AD0099F1648B}"
EndProject
Global
	GlobalSection(SolutionConfigurationPlatforms) = preSolution
		Debug|x64 = Debug|x64
		Debug|x86 = Debug|x86
		Release|x64 = Release|x64
		Release|x86 = Release|x86
	EndGlobalSection
	GlobalSection(ProjectConfigurationPlatforms) = postSolution
		{5D981F69-69B3-4522-BE83-AD0099F1648B}.Debug|x64.ActiveCfg = Debug|x64
		{5D981F69-69B3-4522-BE83-AD0099F1648B}.Debug|x64.Build.0 = Debug|x64
		{5D981F69-69B3-4522-BE83-AD0099F1648B}.Debug|x86.ActiveCfg = Debug|Win32
		{5D981F69-69B3-4522-BE83-AD0099F1648B}.Debug|x86.Build.0 = Debug|Win32
		{5D981F69-69B3-4522-BE83-AD0099F1648B}.Release|x64.ActiveCfg = Release|x64
		{5D981F69-69B3-4522-BE83-AD0099F1648B}.Release|x64.Build.0 = Release|x64
		{5D981F69-69B3-4522-BE83-AD0099F1648B}.Release|x86.ActiveCfg = Release|Win32
		{5D981F69-69B3-4522-BE83-AD0099F1648B}.Release|x86.Build.0 = Release|Win32
	EndGlobalSection
	GlobalSection(SolutionProperties) = preSolution
		HideSolutionNode = FALSE
	EndGlobalSection
	GlobalSection(ExtensibilityGlobals) = postSolution
		SolutionGuid = {279221C9-E125-4F86-A23E-12B304DADBF6}
	EndGlobalSection
EndGlobal
